
Microsoft Visual Studio Solution File, Format Version 12.00
# Visual Studio Version 16
VisualStudioVersion = 16.0.31005.135
MinimumVisualStudioVersion = 10.0.40219.1
Project("{FAE04EC0-301F-11D3-BF4B-00C04F79EFBC}") = "AppAndroidCards", "AppAndroidCards\AppAndroidCards.csproj", "{4CA2D0BB-302E-43B7-8DAB-3C65BA3AEA23}"
EndProject
Global
	GlobalSection(SolutionConfigurationPlatforms) = preSolution
		Debug|Any CPU = Debug|Any CPU
		Release|Any CPU = Release|Any CPU
	EndGlobalSection
	GlobalSection(ProjectConfigurationPlatforms) = postSolution
		{4CA2D0BB-302E-43B7-8DAB-3C65BA3AEA23}.Debug|Any CPU.ActiveCfg = Debug|Any CPU
		{4CA2D0BB-302E-43B7-8DAB-3C65BA3AEA23}.Debug|Any CPU.Build.0 = Debug|Any CPU
		{4CA2D0BB-302E-43B7-8DAB-3C65BA3AEA23}.Debug|Any CPU.Deploy.0 = Debug|Any CPU
		{4CA2D0BB-302E-43B7-8DAB-3C65BA3AEA23}.Release|Any CPU.ActiveCfg = Release|Any CPU
		{4CA2D0BB-302E-43B7-8DAB-3C65BA3AEA23}.Release|Any CPU.Build.0 = Release|Any CPU
		{4CA2D0BB-302E-43B7-8DAB-3C65BA3AEA23}.Release|Any CPU.Deploy.0 = Release|Any CPU
	EndGlobalSection
	GlobalSection(SolutionProperties) = preSolution
		HideSolutionNode = FALSE
	EndGlobalSection
	GlobalSection(ExtensibilityGlobals) = postSolution
		SolutionGuid = {50B2C788-D906-493C-907B-68A2535185B7}
	EndGlobalSection
EndGlobal
